
Microsoft Visual Studio Solution File, Format Version 12.00
# Visual Studio 15
VisualStudioVersion = 15.0.26124.0
MinimumVisualStudioVersion = 15.0.26124.0
Project("{FAE04EC0-301F-11D3-BF4B-00C04F79EFBC}") = "ProAgil.API", "ProAgil.API\ProAgil.API.csproj", "{37EB6D26-4AB8-45C8-845C-BEF1485C757D}"
EndProject
Project("{FAE04EC0-301F-11D3-BF4B-00C04F79EFBC}") = "ProAgil.Repository", "ProAgil.Repository\ProAgil.Repository.csproj", "{2CA157C1-969A-4DB3-B66B-AB674C269C6D}"
EndProject
Project("{FAE04EC0-301F-11D3-BF4B-00C04F79EFBC}") = "ProAgil.Domain", "ProAgil.Domain\ProAgil.Domain.csproj", "{C6370DBB-62A0-4B2A-A64B-34C80B7CFB6E}"
EndProject
Global
	GlobalSection(SolutionConfigurationPlatforms) = preSolution
		Debug|Any CPU = Debug|Any CPU
		Debug|x64 = Debug|x64
		Debug|x86 = Debug|x86
		Release|Any CPU = Release|Any CPU
		Release|x64 = Release|x64
		Release|x86 = Release|x86
	EndGlobalSection
	GlobalSection(SolutionProperties) = preSolution
		HideSolutionNode = FALSE
	EndGlobalSection
	GlobalSection(ProjectConfigurationPlatforms) = postSolution
		{37EB6D26-4AB8-45C8-845C-BEF1485C757D}.Debug|Any CPU.ActiveCfg = Debug|Any CPU
		{37EB6D26-4AB8-45C8-845C-BEF1485C757D}.Debug|Any CPU.Build.0 = Debug|Any CPU
		{37EB6D26-4AB8-45C8-845C-BEF1485C757D}.Debug|x64.ActiveCfg = Debug|Any CPU
		{37EB6D26-4AB8-45C8-845C-BEF1485C757D}.Debug|x64.Build.0 = Debug|Any CPU
		{37EB6D26-4AB8-45C8-845C-BEF1485C757D}.Debug|x86.ActiveCfg = Debug|Any CPU
		{37EB6D26-4AB8-45C8-845C-BEF1485C757D}.Debug|x86.Build.0 = Debug|Any CPU
		{37EB6D26-4AB8-45C8-845C-BEF1485C757D}.Release|Any CPU.ActiveCfg = Release|Any CPU
		{37EB6D26-4AB8-45C8-845C-BEF1485C757D}.Release|Any CPU.Build.0 = Release|Any CPU
		{37EB6D26-4AB8-45C8-845C-BEF1485C757D}.Release|x64.ActiveCfg = Release|Any CPU
		{37EB6D26-4AB8-45C8-845C-BEF1485C757D}.Release|x64.Build.0 = Release|Any CPU
		{37EB6D26-4AB8-45C8-845C-BEF1485C757D}.Release|x86.ActiveCfg = Release|Any CPU
		{37EB6D26-4AB8-45C8-845C-BEF1485C757D}.Release|x86.Build.0 = Release|Any CPU
		{2CA157C1-969A-4DB3-B66B-AB674C269C6D}.Debug|Any CPU.ActiveCfg = Debug|Any CPU
		{2CA157C1-969A-4DB3-B66B-AB674C269C6D}.Debug|Any CPU.Build.0 = Debug|Any CPU
		{2CA157C1-969A-4DB3-B66B-AB674C269C6D}.Debug|x64.ActiveCfg = Debug|Any CPU
		{2CA157C1-969A-4DB3-B66B-AB674C269C6D}.Debug|x64.Build.0 = Debug|Any CPU
		{2CA157C1-969A-4DB3-B66B-AB674C269C6D}.Debug|x86.ActiveCfg = Debug|Any CPU
		{2CA157C1-969A-4DB3-B66B-AB674C269C6D}.Debug|x86.Build.0 = Debug|Any CPU
		{2CA157C1-969A-4DB3-B66B-AB674C269C6D}.Release|Any CPU.ActiveCfg = Release|Any CPU
		{2CA157C1-969A-4DB3-B66B-AB674C269C6D}.Release|Any CPU.Build.0 = Release|Any CPU
		{2CA157C1-969A-4DB3-B66B-AB674C269C6D}.Release|x64.ActiveCfg = Release|Any CPU
		{2CA157C1-969A-4DB3-B66B-AB674C269C6D}.Release|x64.Build.0 = Release|Any CPU
		{2CA157C1-969A-4DB3-B66B-AB674C269C6D}.Release|x86.ActiveCfg = Release|Any CPU
		{2CA157C1-969A-4DB3-B66B-AB674C269C6D}.Release|x86.Build.0 = Release|Any CPU
		{C6370DBB-62A0-4B2A-A64B-34C80B7CFB6E}.Debug|Any CPU.ActiveCfg = Debug|Any CPU
		{C6370DBB-62A0-4B2A-A64B-34C80B7CFB6E}.Debug|Any CPU.Build.0 = Debug|Any CPU
		{C6370DBB-62A0-4B2A-A64B-34C80B7CFB6E}.Debug|x64.ActiveCfg = Debug|Any CPU
		{C6370DBB-62A0-4B2A-A64B-34C80B7CFB6E}.Debug|x64.Build.0 = Debug|Any CPU
		{C6370DBB-62A0-4B2A-A64B-34C80B7CFB6E}.Debug|x86.ActiveCfg = Debug|Any CPU
		{C6370DBB-62A0-4B2A-A64B-34C80B7CFB6E}.Debug|x86.Build.0 = Debug|Any CPU
		{C6370DBB-62A0-4B2A-A64B-34C80B7CFB6E}.Release|Any CPU.ActiveCfg = Release|Any CPU
		{C6370DBB-62A0-4B2A-A64B-34C80B7CFB6E}.Release|Any CPU.Build.0 = Release|Any CPU
		{C6370DBB-62A0-4B2A-A64B-34C80B7CFB6E}.Release|x64.ActiveCfg = Release|Any CPU
		{C6370DBB-62A0-4B2A-A64B-34C80B7CFB6E}.Release|x64.Build.0 = Release|Any CPU
		{C6370DBB-62A0-4B2A-A64B-34C80B7CFB6E}.Release|x86.ActiveCfg = Release|Any CPU
		{C6370DBB-62A0-4B2A-A64B-34C80B7CFB6E}.Release|x86.Build.0 = Release|Any CPU
	EndGlobalSection
EndGlobal
